// !$*UTF8*$!
{
	archiveVersion = 1;
	classes = {
	};
	objectVersion = 50;
	objects = {

/* Begin PBXBuildFile section */
		FF193A9526A0E0BD00951E4E /* Endpoint.swift in Sources */ = {isa = PBXBuildFile; fileRef = FF193A9426A0E0BD00951E4E /* Endpoint.swift */; };
		FF193A9D26A0E0EC00951E4E /* EndpointCases.swift in Sources */ = {isa = PBXBuildFile; fileRef = FF193A9C26A0E0EC00951E4E /* EndpointCases.swift */; };
		FF193AA226A0E13200951E4E /* Cancellable.swift in Sources */ = {isa = PBXBuildFile; fileRef = FF193AA126A0E13200951E4E /* Cancellable.swift */; };
		FF193AA726A0E29E00951E4E /* Localizable.strings in Resources */ = {isa = PBXBuildFile; fileRef = FF193AA626A0E29E00951E4E /* Localizable.strings */; };
		FF193AAC26A0E51000951E4E /* NetworkProvider.swift in Sources */ = {isa = PBXBuildFile; fileRef = FF193AAB26A0E51000951E4E /* NetworkProvider.swift */; };
		FF193AB326A0EC7300951E4E /* CategoryMapping.swift in Sources */ = {isa = PBXBuildFile; fileRef = FF193AB226A0EC7300951E4E /* CategoryMapping.swift */; };
		FF193AB926A0ECD800951E4E /* Error.swift in Sources */ = {isa = PBXBuildFile; fileRef = FF193AB826A0ECD800951E4E /* Error.swift */; };
		FF193ABE26A0ED4000951E4E /* ClassifiedAdMapping.swift in Sources */ = {isa = PBXBuildFile; fileRef = FF193ABD26A0ED4000951E4E /* ClassifiedAdMapping.swift */; };
		FF378A5726A2363B00FF6B5A /* ImagesURLMapping.swift in Sources */ = {isa = PBXBuildFile; fileRef = FF378A5626A2363B00FF6B5A /* ImagesURLMapping.swift */; };
		FF378A6326A23C6A00FF6B5A /* ClassifiedAd.swift in Sources */ = {isa = PBXBuildFile; fileRef = FF378A6226A23C6A00FF6B5A /* ClassifiedAd.swift */; };
		FF378A7926A2403800FF6B5A /* ClassifiedAdsRepository.swift in Sources */ = {isa = PBXBuildFile; fileRef = FF378A7826A2403800FF6B5A /* ClassifiedAdsRepository.swift */; };
		FF378A8126A249AB00FF6B5A /* CategoriesRepository.swift in Sources */ = {isa = PBXBuildFile; fileRef = FF378A8026A249AB00FF6B5A /* CategoriesRepository.swift */; };
		FF378A8626A2E22D00FF6B5A /* ImagesRepository.swift in Sources */ = {isa = PBXBuildFile; fileRef = FF378A8526A2E22D00FF6B5A /* ImagesRepository.swift */; };
		FF378A8C26A2E78C00FF6B5A /* PClassifiedAdsRepository.swift in Sources */ = {isa = PBXBuildFile; fileRef = FF378A8B26A2E78C00FF6B5A /* PClassifiedAdsRepository.swift */; };
		FF378A9426A2E7C300FF6B5A /* PCategoriesRepository.swift in Sources */ = {isa = PBXBuildFile; fileRef = FF378A9326A2E7C300FF6B5A /* PCategoriesRepository.swift */; };
		FF378A9926A2E9FD00FF6B5A /* PImagesRepository.swift in Sources */ = {isa = PBXBuildFile; fileRef = FF378A9826A2E9FD00FF6B5A /* PImagesRepository.swift */; };
		FF378AA226A36F2000FF6B5A /* RetrieveClassifiedAdsUseCases.swift in Sources */ = {isa = PBXBuildFile; fileRef = FF378AA126A36F2000FF6B5A /* RetrieveClassifiedAdsUseCases.swift */; };
		FF378AB026A3879D00FF6B5A /* ClassifiedAdsView.swift in Sources */ = {isa = PBXBuildFile; fileRef = FF378AAF26A3879D00FF6B5A /* ClassifiedAdsView.swift */; };
		FF378AB526A38A2100FF6B5A /* ClassifiedAdTableViewCell.swift in Sources */ = {isa = PBXBuildFile; fileRef = FF378AB426A38A2100FF6B5A /* ClassifiedAdTableViewCell.swift */; };
		FF378ABB26A38BD400FF6B5A /* ReusableView.swift in Sources */ = {isa = PBXBuildFile; fileRef = FF378ABA26A38BD400FF6B5A /* ReusableView.swift */; };
		FF378AC026A38C5700FF6B5A /* UITableView.swift in Sources */ = {isa = PBXBuildFile; fileRef = FF378ABF26A38C5700FF6B5A /* UITableView.swift */; };
		FF378AC526A395D200FF6B5A /* ImageView.swift in Sources */ = {isa = PBXBuildFile; fileRef = FF378AC426A395D200FF6B5A /* ImageView.swift */; };
		FF378ACA26A39D2900FF6B5A /* NetworkStatus.swift in Sources */ = {isa = PBXBuildFile; fileRef = FF378AC926A39D2900FF6B5A /* NetworkStatus.swift */; };
		FF378AD026A39D9300FF6B5A /* Network.framework in Frameworks */ = {isa = PBXBuildFile; fileRef = FF378ACF26A39D9300FF6B5A /* Network.framework */; };
		FF378AD226A3A5C800FF6B5A /* Helper.swift in Sources */ = {isa = PBXBuildFile; fileRef = FF378AD126A3A5C800FF6B5A /* Helper.swift */; };
		FF378ADA26A4B17000FF6B5A /* ClassifiedAdViewModel.swift in Sources */ = {isa = PBXBuildFile; fileRef = FF378AD926A4B17000FF6B5A /* ClassifiedAdViewModel.swift */; };
		FF378AE226A4D1A500FF6B5A /* AlertController.swift in Sources */ = {isa = PBXBuildFile; fileRef = FF378AE126A4D1A500FF6B5A /* AlertController.swift */; };
		FF378AED26A4DA0100FF6B5A /* Category.swift in Sources */ = {isa = PBXBuildFile; fileRef = FF378AEC26A4DA0100FF6B5A /* Category.swift */; };
		FF805890269F89A200154E37 /* AppDelegate.swift in Sources */ = {isa = PBXBuildFile; fileRef = FF80588F269F89A200154E37 /* AppDelegate.swift */; };
		FF805899269F89A400154E37 /* Assets.xcassets in Resources */ = {isa = PBXBuildFile; fileRef = FF805898269F89A400154E37 /* Assets.xcassets */; };
		FF80589C269F89A400154E37 /* LaunchScreen.storyboard in Resources */ = {isa = PBXBuildFile; fileRef = FF80589A269F89A400154E37 /* LaunchScreen.storyboard */; };
		FF8058A7269F89A500154E37 /* LeboncoinTests.swift in Sources */ = {isa = PBXBuildFile; fileRef = FF8058A6269F89A500154E37 /* LeboncoinTests.swift */; };
		FF8058B2269F89A500154E37 /* LeboncoinUITests.swift in Sources */ = {isa = PBXBuildFile; fileRef = FF8058B1269F89A500154E37 /* LeboncoinUITests.swift */; };
		FF8058D1269F8D0100154E37 /* AppEnvironments.swift in Sources */ = {isa = PBXBuildFile; fileRef = FF8058D0269F8D0100154E37 /* AppEnvironments.swift */; };
		FF8058E5269F918F00154E37 /* AppAppearances.swift in Sources */ = {isa = PBXBuildFile; fileRef = FF8058E4269F918F00154E37 /* AppAppearances.swift */; };
		FF8058F3269F9A8400154E37 /* ClassifiedAdsViewController.swift in Sources */ = {isa = PBXBuildFile; fileRef = FF8058F2269F9A8400154E37 /* ClassifiedAdsViewController.swift */; };
		FF8058F9269FA10F00154E37 /* ClassifiedAdsViewModel.swift in Sources */ = {isa = PBXBuildFile; fileRef = FF8058F8269FA10F00154E37 /* ClassifiedAdsViewModel.swift */; };
		FF805901269FA14300154E37 /* ClassifiedAdsCoordinator.swift in Sources */ = {isa = PBXBuildFile; fileRef = FF805900269FA14300154E37 /* ClassifiedAdsCoordinator.swift */; };
		FF8D207426A70BED00583D97 /* CategoriesCoordinator.swift in Sources */ = {isa = PBXBuildFile; fileRef = FF8D207326A70BED00583D97 /* CategoriesCoordinator.swift */; };
		FF8D207C26A70C0900583D97 /* CategoriesViewModel.swift in Sources */ = {isa = PBXBuildFile; fileRef = FF8D207B26A70C0900583D97 /* CategoriesViewModel.swift */; };
		FF8D208126A70F7D00583D97 /* CategoriesViewController.swift in Sources */ = {isa = PBXBuildFile; fileRef = FF8D208026A70F7D00583D97 /* CategoriesViewController.swift */; };
		FF8D208626A70FC200583D97 /* CategoriesView.swift in Sources */ = {isa = PBXBuildFile; fileRef = FF8D208526A70FC200583D97 /* CategoriesView.swift */; };
		FF8D208B26A73BE700583D97 /* ClassifiedAdsSearchQuery.swift in Sources */ = {isa = PBXBuildFile; fileRef = FF8D208A26A73BE700583D97 /* ClassifiedAdsSearchQuery.swift */; };
		FF8D209026A74D3F00583D97 /* LoadingView.swift in Sources */ = {isa = PBXBuildFile; fileRef = FF8D208F26A74D3F00583D97 /* LoadingView.swift */; };
		FF8D209626A799E300583D97 /* Endpoint.swift in Sources */ = {isa = PBXBuildFile; fileRef = FF193A9426A0E0BD00951E4E /* Endpoint.swift */; };
		FF8D20A026A79E9800583D97 /* AppEnvironments.swift in Sources */ = {isa = PBXBuildFile; fileRef = FF8058D0269F8D0100154E37 /* AppEnvironments.swift */; };
		FF8D20B526A7A53900583D97 /* NetworkProviderMock.swift in Sources */ = {isa = PBXBuildFile; fileRef = FF8D20B426A7A53900583D97 /* NetworkProviderMock.swift */; };
		FF8D20B926A7A54400583D97 /* NetworkProvider.swift in Sources */ = {isa = PBXBuildFile; fileRef = FF193AAB26A0E51000951E4E /* NetworkProvider.swift */; };
		FF8D20C126A7A62000583D97 /* EndpointCases.swift in Sources */ = {isa = PBXBuildFile; fileRef = FF193A9C26A0E0EC00951E4E /* EndpointCases.swift */; };
		FF8D20C526A7A62600583D97 /* Cancellable.swift in Sources */ = {isa = PBXBuildFile; fileRef = FF193AA126A0E13200951E4E /* Cancellable.swift */; };
		FF8D20C926A7A63C00583D97 /* Error.swift in Sources */ = {isa = PBXBuildFile; fileRef = FF193AB826A0ECD800951E4E /* Error.swift */; };
		FF8D20CD26A7A65000583D97 /* NetworkStatus.swift in Sources */ = {isa = PBXBuildFile; fileRef = FF378AC926A39D2900FF6B5A /* NetworkStatus.swift */; };
		FF8D20D226A7AF6600583D97 /* ClassifiedAdsRepositoryTests.swift in Sources */ = {isa = PBXBuildFile; fileRef = FF8D20D126A7AF6600583D97 /* ClassifiedAdsRepositoryTests.swift */; };
		FF8D20D926A7B0BB00583D97 /* ClassifiedAdsRepository.swift in Sources */ = {isa = PBXBuildFile; fileRef = FF378A7826A2403800FF6B5A /* ClassifiedAdsRepository.swift */; };
		FF8D20E026A7B0C200583D97 /* CategoriesRepository.swift in Sources */ = {isa = PBXBuildFile; fileRef = FF378A8026A249AB00FF6B5A /* CategoriesRepository.swift */; };
		FF8D20E426A7B1D400583D97 /* PClassifiedAdsRepository.swift in Sources */ = {isa = PBXBuildFile; fileRef = FF378A8B26A2E78C00FF6B5A /* PClassifiedAdsRepository.swift */; };
		FF8D20E826A7B1DB00583D97 /* ClassifiedAd.swift in Sources */ = {isa = PBXBuildFile; fileRef = FF378A6226A23C6A00FF6B5A /* ClassifiedAd.swift */; };
		FF8D20EC26A7B1E300583D97 /* ClassifiedAdMapping.swift in Sources */ = {isa = PBXBuildFile; fileRef = FF193ABD26A0ED4000951E4E /* ClassifiedAdMapping.swift */; };
		FF8D20F026A7B1EF00583D97 /* Helper.swift in Sources */ = {isa = PBXBuildFile; fileRef = FF378AD126A3A5C800FF6B5A /* Helper.swift */; };
		FF8D20F426A7B20500583D97 /* PCategoriesRepository.swift in Sources */ = {isa = PBXBuildFile; fileRef = FF378A9326A2E7C300FF6B5A /* PCategoriesRepository.swift */; };
		FF8D20F826A7B20D00583D97 /* ClassifiedAdViewModel.swift in Sources */ = {isa = PBXBuildFile; fileRef = FF378AD926A4B17000FF6B5A /* ClassifiedAdViewModel.swift */; };
		FF8D20FC26A7B21C00583D97 /* ImagesURLMapping.swift in Sources */ = {isa = PBXBuildFile; fileRef = FF378A5626A2363B00FF6B5A /* ImagesURLMapping.swift */; };
		FF8D210026A7B22B00583D97 /* CategoryMapping.swift in Sources */ = {isa = PBXBuildFile; fileRef = FF193AB226A0EC7300951E4E /* CategoryMapping.swift */; };
		FF8D210426A7B23700583D97 /* Category.swift in Sources */ = {isa = PBXBuildFile; fileRef = FF378AEC26A4DA0100FF6B5A /* Category.swift */; };
		FF8D211226A7B86400583D97 /* CategoriesRepositoryTests.swift in Sources */ = {isa = PBXBuildFile; fileRef = FF8D211126A7B86400583D97 /* CategoriesRepositoryTests.swift */; };
		FFC96EA326A5ADF400850078 /* ClassifiedAdDetailsViewController.swift in Sources */ = {isa = PBXBuildFile; fileRef = FFC96EA226A5ADF400850078 /* ClassifiedAdDetailsViewController.swift */; };
		FFC96EA826A5AECB00850078 /* ClassifiedAdDetailsView.swift in Sources */ = {isa = PBXBuildFile; fileRef = FFC96EA726A5AECB00850078 /* ClassifiedAdDetailsView.swift */; };
		FFC96EAD26A5AFE400850078 /* ClassifiedAdDetailsViewModel.swift in Sources */ = {isa = PBXBuildFile; fileRef = FFC96EAC26A5AFE400850078 /* ClassifiedAdDetailsViewModel.swift */; };
		FFC96EB226A5B00100850078 /* ClassifiedAdDetailsCoordinator.swift in Sources */ = {isa = PBXBuildFile; fileRef = FFC96EB126A5B00100850078 /* ClassifiedAdDetailsCoordinator.swift */; };
/* End PBXBuildFile section */

/* Begin PBXContainerItemProxy section */
		FF8058A3269F89A500154E37 /* PBXContainerItemProxy */ = {
			isa = PBXContainerItemProxy;
			containerPortal = FF805884269F89A200154E37 /* Project object */;
			proxyType = 1;
			remoteGlobalIDString = FF80588B269F89A200154E37;
			remoteInfo = Leboncoin;
		};
		FF8058AE269F89A500154E37 /* PBXContainerItemProxy */ = {
			isa = PBXContainerItemProxy;
			containerPortal = FF805884269F89A200154E37 /* Project object */;
			proxyType = 1;
			remoteGlobalIDString = FF80588B269F89A200154E37;
			remoteInfo = Leboncoin;
		};
/* End PBXContainerItemProxy section */

/* Begin PBXFileReference section */
		FF193A9426A0E0BD00951E4E /* Endpoint.swift */ = {isa = PBXFileReference; lastKnownFileType = sourcecode.swift; path = Endpoint.swift; sourceTree = "<group>"; };
		FF193A9C26A0E0EC00951E4E /* EndpointCases.swift */ = {isa = PBXFileReference; lastKnownFileType = sourcecode.swift; path = EndpointCases.swift; sourceTree = "<group>"; };
		FF193AA126A0E13200951E4E /* Cancellable.swift */ = {isa = PBXFileReference; lastKnownFileType = sourcecode.swift; path = Cancellable.swift; sourceTree = "<group>"; };
		FF193AA626A0E29E00951E4E /* Localizable.strings */ = {isa = PBXFileReference; lastKnownFileType = text.plist.strings; path = Localizable.strings; sourceTree = "<group>"; };
		FF193AAB26A0E51000951E4E /* NetworkProvider.swift */ = {isa = PBXFileReference; lastKnownFileType = sourcecode.swift; path = NetworkProvider.swift; sourceTree = "<group>"; };
		FF193AB226A0EC7300951E4E /* CategoryMapping.swift */ = {isa = PBXFileReference; lastKnownFileType = sourcecode.swift; path = CategoryMapping.swift; sourceTree = "<group>"; };
		FF193AB826A0ECD800951E4E /* Error.swift */ = {isa = PBXFileReference; lastKnownFileType = sourcecode.swift; path = Error.swift; sourceTree = "<group>"; };
		FF193ABD26A0ED4000951E4E /* ClassifiedAdMapping.swift */ = {isa = PBXFileReference; lastKnownFileType = sourcecode.swift; path = ClassifiedAdMapping.swift; sourceTree = "<group>"; };
		FF378A5626A2363B00FF6B5A /* ImagesURLMapping.swift */ = {isa = PBXFileReference; lastKnownFileType = sourcecode.swift; path = ImagesURLMapping.swift; sourceTree = "<group>"; };
		FF378A6226A23C6A00FF6B5A /* ClassifiedAd.swift */ = {isa = PBXFileReference; lastKnownFileType = sourcecode.swift; path = ClassifiedAd.swift; sourceTree = "<group>"; };
		FF378A7826A2403800FF6B5A /* ClassifiedAdsRepository.swift */ = {isa = PBXFileReference; lastKnownFileType = sourcecode.swift; path = ClassifiedAdsRepository.swift; sourceTree = "<group>"; };
		FF378A8026A249AB00FF6B5A /* CategoriesRepository.swift */ = {isa = PBXFileReference; lastKnownFileType = sourcecode.swift; path = CategoriesRepository.swift; sourceTree = "<group>"; };
		FF378A8526A2E22D00FF6B5A /* ImagesRepository.swift */ = {isa = PBXFileReference; lastKnownFileType = sourcecode.swift; path = ImagesRepository.swift; sourceTree = "<group>"; };
		FF378A8B26A2E78C00FF6B5A /* PClassifiedAdsRepository.swift */ = {isa = PBXFileReference; lastKnownFileType = sourcecode.swift; path = PClassifiedAdsRepository.swift; sourceTree = "<group>"; };
		FF378A9326A2E7C300FF6B5A /* PCategoriesRepository.swift */ = {isa = PBXFileReference; lastKnownFileType = sourcecode.swift; path = PCategoriesRepository.swift; sourceTree = "<group>"; };
		FF378A9826A2E9FD00FF6B5A /* PImagesRepository.swift */ = {isa = PBXFileReference; lastKnownFileType = sourcecode.swift; path = PImagesRepository.swift; sourceTree = "<group>"; };
		FF378AA126A36F2000FF6B5A /* RetrieveClassifiedAdsUseCases.swift */ = {isa = PBXFileReference; lastKnownFileType = sourcecode.swift; path = RetrieveClassifiedAdsUseCases.swift; sourceTree = "<group>"; };
		FF378AAF26A3879D00FF6B5A /* ClassifiedAdsView.swift */ = {isa = PBXFileReference; lastKnownFileType = sourcecode.swift; path = ClassifiedAdsView.swift; sourceTree = "<group>"; };
		FF378AB426A38A2100FF6B5A /* ClassifiedAdTableViewCell.swift */ = {isa = PBXFileReference; lastKnownFileType = sourcecode.swift; path = ClassifiedAdTableViewCell.swift; sourceTree = "<group>"; };
		FF378ABA26A38BD400FF6B5A /* ReusableView.swift */ = {isa = PBXFileReference; lastKnownFileType = sourcecode.swift; path = ReusableView.swift; sourceTree = "<group>"; };
		FF378ABF26A38C5700FF6B5A /* UITableView.swift */ = {isa = PBXFileReference; lastKnownFileType = sourcecode.swift; path = UITableView.swift; sourceTree = "<group>"; };
		FF378AC426A395D200FF6B5A /* ImageView.swift */ = {isa = PBXFileReference; lastKnownFileType = sourcecode.swift; path = ImageView.swift; sourceTree = "<group>"; };
		FF378AC926A39D2900FF6B5A /* NetworkStatus.swift */ = {isa = PBXFileReference; lastKnownFileType = sourcecode.swift; path = NetworkStatus.swift; sourceTree = "<group>"; };
		FF378ACF26A39D9300FF6B5A /* Network.framework */ = {isa = PBXFileReference; lastKnownFileType = wrapper.framework; name = Network.framework; path = System/Library/Frameworks/Network.framework; sourceTree = SDKROOT; };
		FF378AD126A3A5C800FF6B5A /* Helper.swift */ = {isa = PBXFileReference; lastKnownFileType = sourcecode.swift; path = Helper.swift; sourceTree = "<group>"; };
		FF378AD926A4B17000FF6B5A /* ClassifiedAdViewModel.swift */ = {isa = PBXFileReference; lastKnownFileType = sourcecode.swift; path = ClassifiedAdViewModel.swift; sourceTree = "<group>"; };
		FF378AE126A4D1A500FF6B5A /* AlertController.swift */ = {isa = PBXFileReference; lastKnownFileType = sourcecode.swift; path = AlertController.swift; sourceTree = "<group>"; };
		FF378AEC26A4DA0100FF6B5A /* Category.swift */ = {isa = PBXFileReference; lastKnownFileType = sourcecode.swift; path = Category.swift; sourceTree = "<group>"; };
		FF80588C269F89A200154E37 /* Leboncoin.app */ = {isa = PBXFileReference; explicitFileType = wrapper.application; includeInIndex = 0; path = Leboncoin.app; sourceTree = BUILT_PRODUCTS_DIR; };
		FF80588F269F89A200154E37 /* AppDelegate.swift */ = {isa = PBXFileReference; lastKnownFileType = sourcecode.swift; path = AppDelegate.swift; sourceTree = "<group>"; };
		FF805898269F89A400154E37 /* Assets.xcassets */ = {isa = PBXFileReference; lastKnownFileType = folder.assetcatalog; path = Assets.xcassets; sourceTree = "<group>"; };
		FF80589B269F89A400154E37 /* Base */ = {isa = PBXFileReference; lastKnownFileType = file.storyboard; name = Base; path = Base.lproj/LaunchScreen.storyboard; sourceTree = "<group>"; };
		FF80589D269F89A400154E37 /* Info.plist */ = {isa = PBXFileReference; lastKnownFileType = text.plist.xml; path = Info.plist; sourceTree = "<group>"; };
		FF8058A2269F89A500154E37 /* LeboncoinTests.xctest */ = {isa = PBXFileReference; explicitFileType = wrapper.cfbundle; includeInIndex = 0; path = LeboncoinTests.xctest; sourceTree = BUILT_PRODUCTS_DIR; };
		FF8058A6269F89A500154E37 /* LeboncoinTests.swift */ = {isa = PBXFileReference; lastKnownFileType = sourcecode.swift; path = LeboncoinTests.swift; sourceTree = "<group>"; };
		FF8058A8269F89A500154E37 /* Info.plist */ = {isa = PBXFileReference; lastKnownFileType = text.plist.xml; path = Info.plist; sourceTree = "<group>"; };
		FF8058AD269F89A500154E37 /* LeboncoinUITests.xctest */ = {isa = PBXFileReference; explicitFileType = wrapper.cfbundle; includeInIndex = 0; path = LeboncoinUITests.xctest; sourceTree = BUILT_PRODUCTS_DIR; };
		FF8058B1269F89A500154E37 /* LeboncoinUITests.swift */ = {isa = PBXFileReference; lastKnownFileType = sourcecode.swift; path = LeboncoinUITests.swift; sourceTree = "<group>"; };
		FF8058B3269F89A500154E37 /* Info.plist */ = {isa = PBXFileReference; lastKnownFileType = text.plist.xml; path = Info.plist; sourceTree = "<group>"; };
		FF8058D0269F8D0100154E37 /* AppEnvironments.swift */ = {isa = PBXFileReference; lastKnownFileType = sourcecode.swift; path = AppEnvironments.swift; sourceTree = "<group>"; };
		FF8058D5269F8D7700154E37 /* Debug.xcconfig */ = {isa = PBXFileReference; lastKnownFileType = text.xcconfig; path = Debug.xcconfig; sourceTree = "<group>"; };
		FF8058D7269F8D9D00154E37 /* Release.xcconfig */ = {isa = PBXFileReference; lastKnownFileType = text.xcconfig; path = Release.xcconfig; sourceTree = "<group>"; };
		FF8058E4269F918F00154E37 /* AppAppearances.swift */ = {isa = PBXFileReference; lastKnownFileType = sourcecode.swift; path = AppAppearances.swift; sourceTree = "<group>"; };
		FF8058F2269F9A8400154E37 /* ClassifiedAdsViewController.swift */ = {isa = PBXFileReference; lastKnownFileType = sourcecode.swift; path = ClassifiedAdsViewController.swift; sourceTree = "<group>"; };
		FF8058F8269FA10F00154E37 /* ClassifiedAdsViewModel.swift */ = {isa = PBXFileReference; lastKnownFileType = sourcecode.swift; path = ClassifiedAdsViewModel.swift; sourceTree = "<group>"; };
		FF805900269FA14300154E37 /* ClassifiedAdsCoordinator.swift */ = {isa = PBXFileReference; lastKnownFileType = sourcecode.swift; path = ClassifiedAdsCoordinator.swift; sourceTree = "<group>"; };
		FF8D207326A70BED00583D97 /* CategoriesCoordinator.swift */ = {isa = PBXFileReference; lastKnownFileType = sourcecode.swift; path = CategoriesCoordinator.swift; sourceTree = "<group>"; };
		FF8D207B26A70C0900583D97 /* CategoriesViewModel.swift */ = {isa = PBXFileReference; lastKnownFileType = sourcecode.swift; path = CategoriesViewModel.swift; sourceTree = "<group>"; };
		FF8D208026A70F7D00583D97 /* CategoriesViewController.swift */ = {isa = PBXFileReference; lastKnownFileType = sourcecode.swift; path = CategoriesViewController.swift; sourceTree = "<group>"; };
		FF8D208526A70FC200583D97 /* CategoriesView.swift */ = {isa = PBXFileReference; lastKnownFileType = sourcecode.swift; path = CategoriesView.swift; sourceTree = "<group>"; };
		FF8D208A26A73BE700583D97 /* ClassifiedAdsSearchQuery.swift */ = {isa = PBXFileReference; lastKnownFileType = sourcecode.swift; path = ClassifiedAdsSearchQuery.swift; sourceTree = "<group>"; };
		FF8D208F26A74D3F00583D97 /* LoadingView.swift */ = {isa = PBXFileReference; lastKnownFileType = sourcecode.swift; path = LoadingView.swift; sourceTree = "<group>"; };
		FF8D20B426A7A53900583D97 /* NetworkProviderMock.swift */ = {isa = PBXFileReference; lastKnownFileType = sourcecode.swift; path = NetworkProviderMock.swift; sourceTree = "<group>"; };
		FF8D20D126A7AF6600583D97 /* ClassifiedAdsRepositoryTests.swift */ = {isa = PBXFileReference; lastKnownFileType = sourcecode.swift; path = ClassifiedAdsRepositoryTests.swift; sourceTree = "<group>"; };
		FF8D211126A7B86400583D97 /* CategoriesRepositoryTests.swift */ = {isa = PBXFileReference; lastKnownFileType = sourcecode.swift; path = CategoriesRepositoryTests.swift; sourceTree = "<group>"; };
		FFC96EA226A5ADF400850078 /* ClassifiedAdDetailsViewController.swift */ = {isa = PBXFileReference; lastKnownFileType = sourcecode.swift; path = ClassifiedAdDetailsViewController.swift; sourceTree = "<group>"; };
		FFC96EA726A5AECB00850078 /* ClassifiedAdDetailsView.swift */ = {isa = PBXFileReference; lastKnownFileType = sourcecode.swift; path = ClassifiedAdDetailsView.swift; sourceTree = "<group>"; };
		FFC96EAC26A5AFE400850078 /* ClassifiedAdDetailsViewModel.swift */ = {isa = PBXFileReference; lastKnownFileType = sourcecode.swift; path = ClassifiedAdDetailsViewModel.swift; sourceTree = "<group>"; };
		FFC96EB126A5B00100850078 /* ClassifiedAdDetailsCoordinator.swift */ = {isa = PBXFileReference; lastKnownFileType = sourcecode.swift; path = ClassifiedAdDetailsCoordinator.swift; sourceTree = "<group>"; };
/* End PBXFileReference section */

/* Begin PBXFrameworksBuildPhase section */
		FF805889269F89A200154E37 /* Frameworks */ = {
			isa = PBXFrameworksBuildPhase;
			buildActionMask = 2147483647;
			files = (
				FF378AD026A39D9300FF6B5A /* Network.framework in Frameworks */,
			);
			runOnlyForDeploymentPostprocessing = 0;
		};
		FF80589F269F89A500154E37 /* Frameworks */ = {
			isa = PBXFrameworksBuildPhase;
			buildActionMask = 2147483647;
			files = (
			);
			runOnlyForDeploymentPostprocessing = 0;
		};
		FF8058AA269F89A500154E37 /* Frameworks */ = {
			isa = PBXFrameworksBuildPhase;
			buildActionMask = 2147483647;
			files = (
			);
			runOnlyForDeploymentPostprocessing = 0;
		};
/* End PBXFrameworksBuildPhase section */

/* Begin PBXGroup section */
		FF193A9326A0D08600951E4E /* Network */ = {
			isa = PBXGroup;
			children = (
				FF193A9426A0E0BD00951E4E /* Endpoint.swift */,
				FF193A9C26A0E0EC00951E4E /* EndpointCases.swift */,
				FF193AA126A0E13200951E4E /* Cancellable.swift */,
				FF193AAB26A0E51000951E4E /* NetworkProvider.swift */,
			);
			path = Network;
			sourceTree = "<group>";
		};
		FF193AB026A0EB7D00951E4E /* Common */ = {
			isa = PBXGroup;
			children = (
				FF378AB926A38BBA00FF6B5A /* Utils */,
				FF193AB726A0EC7A00951E4E /* Extensions */,
			);
			path = Common;
			sourceTree = "<group>";
		};
		FF193AB126A0EBD200951E4E /* Mapping */ = {
			isa = PBXGroup;
			children = (
				FF193AB226A0EC7300951E4E /* CategoryMapping.swift */,
				FF193ABD26A0ED4000951E4E /* ClassifiedAdMapping.swift */,
				FF378A5626A2363B00FF6B5A /* ImagesURLMapping.swift */,
			);
			path = Mapping;
			sourceTree = "<group>";
		};
		FF193AB726A0EC7A00951E4E /* Extensions */ = {
			isa = PBXGroup;
			children = (
				FF193AB826A0ECD800951E4E /* Error.swift */,
				FF378ABF26A38C5700FF6B5A /* UITableView.swift */,
			);
			path = Extensions;
			sourceTree = "<group>";
		};
		FF378A6126A23C4600FF6B5A /* Models */ = {
			isa = PBXGroup;
			children = (
				FF378A6226A23C6A00FF6B5A /* ClassifiedAd.swift */,
				FF378AEC26A4DA0100FF6B5A /* Category.swift */,
			);
			path = Models;
			sourceTree = "<group>";
		};
		FF378A6F26A23CC400FF6B5A /* Repositories */ = {
			isa = PBXGroup;
			children = (
				FF378A7826A2403800FF6B5A /* ClassifiedAdsRepository.swift */,
				FF378A8026A249AB00FF6B5A /* CategoriesRepository.swift */,
				FF378A8526A2E22D00FF6B5A /* ImagesRepository.swift */,
			);
			path = Repositories;
			sourceTree = "<group>";
		};
		FF378A8A26A2E3E400FF6B5A /* Protocols */ = {
			isa = PBXGroup;
			children = (
				FF378A8B26A2E78C00FF6B5A /* PClassifiedAdsRepository.swift */,
				FF378A9326A2E7C300FF6B5A /* PCategoriesRepository.swift */,
				FF378A9826A2E9FD00FF6B5A /* PImagesRepository.swift */,
			);
			path = Protocols;
			sourceTree = "<group>";
		};
		FF378AA026A36DE800FF6B5A /* UseCases */ = {
			isa = PBXGroup;
			children = (
				FF378AA126A36F2000FF6B5A /* RetrieveClassifiedAdsUseCases.swift */,
			);
			path = UseCases;
			sourceTree = "<group>";
		};
		FF378AB926A38BBA00FF6B5A /* Utils */ = {
			isa = PBXGroup;
			children = (
				FF378ABA26A38BD400FF6B5A /* ReusableView.swift */,
				FF378AC426A395D200FF6B5A /* ImageView.swift */,
				FF378AC926A39D2900FF6B5A /* NetworkStatus.swift */,
				FF378AD126A3A5C800FF6B5A /* Helper.swift */,
				FF378AE126A4D1A500FF6B5A /* AlertController.swift */,
				FF8D208F26A74D3F00583D97 /* LoadingView.swift */,
			);
			path = Utils;
			sourceTree = "<group>";
		};
		FF378ACE26A39D9300FF6B5A /* Frameworks */ = {
			isa = PBXGroup;
			children = (
				FF378ACF26A39D9300FF6B5A /* Network.framework */,
			);
			name = Frameworks;
			sourceTree = "<group>";
		};
		FF378AF126A5791A00FF6B5A /* ClassifiedAdDetails */ = {
			isa = PBXGroup;
			children = (
				FF378AF726A57D6A00FF6B5A /* View */,
				FF378AF626A57D5000FF6B5A /* ViewModel */,
				FF378AF226A5794C00FF6B5A /* Coordinator */,
			);
			path = ClassifiedAdDetails;
			sourceTree = "<group>";
		};
		FF378AF226A5794C00FF6B5A /* Coordinator */ = {
			isa = PBXGroup;
			children = (
				FFC96EB126A5B00100850078 /* ClassifiedAdDetailsCoordinator.swift */,
			);
			path = Coordinator;
			sourceTree = "<group>";
		};
		FF378AF626A57D5000FF6B5A /* ViewModel */ = {
			isa = PBXGroup;
			children = (
				FFC96EAC26A5AFE400850078 /* ClassifiedAdDetailsViewModel.swift */,
			);
			path = ViewModel;
			sourceTree = "<group>";
		};
		FF378AF726A57D6A00FF6B5A /* View */ = {
			isa = PBXGroup;
			children = (
				FFC96EA226A5ADF400850078 /* ClassifiedAdDetailsViewController.swift */,
				FFC96EA726A5AECB00850078 /* ClassifiedAdDetailsView.swift */,
			);
			path = View;
			sourceTree = "<group>";
		};
		FF805883269F89A200154E37 = {
			isa = PBXGroup;
			children = (
				FF80588E269F89A200154E37 /* Leboncoin */,
				FF8058A5269F89A500154E37 /* LeboncoinTests */,
				FF8058B0269F89A500154E37 /* LeboncoinUITests */,
				FF80588D269F89A200154E37 /* Products */,
				FF378ACE26A39D9300FF6B5A /* Frameworks */,
			);
			sourceTree = "<group>";
		};
		FF80588D269F89A200154E37 /* Products */ = {
			isa = PBXGroup;
			children = (
				FF80588C269F89A200154E37 /* Leboncoin.app */,
				FF8058A2269F89A500154E37 /* LeboncoinTests.xctest */,
				FF8058AD269F89A500154E37 /* LeboncoinUITests.xctest */,
			);
			name = Products;
			sourceTree = "<group>";
		};
		FF80588E269F89A200154E37 /* Leboncoin */ = {
			isa = PBXGroup;
			children = (
				FF8058C2269F89B100154E37 /* Application */,
				FF8058EC269F922500154E37 /* Presentation */,
				FF8058ED269F924100154E37 /* Domain */,
				FF8058EE269F924E00154E37 /* Data */,
				FF193AB026A0EB7D00951E4E /* Common */,
				FF8058CC269F8AA900154E37 /* Resources */,
			);
			path = Leboncoin;
			sourceTree = "<group>";
		};
		FF8058A5269F89A500154E37 /* LeboncoinTests */ = {
			isa = PBXGroup;
			children = (
				FF8D20BD26A7A55000583D97 /* Mock */,
				FF8058A6269F89A500154E37 /* LeboncoinTests.swift */,
				FF8D20D126A7AF6600583D97 /* ClassifiedAdsRepositoryTests.swift */,
				FF8D211126A7B86400583D97 /* CategoriesRepositoryTests.swift */,
				FF8058A8269F89A500154E37 /* Info.plist */,
			);
			path = LeboncoinTests;
			sourceTree = "<group>";
		};
		FF8058B0269F89A500154E37 /* LeboncoinUITests */ = {
			isa = PBXGroup;
			children = (
				FF8058B1269F89A500154E37 /* LeboncoinUITests.swift */,
				FF8058B3269F89A500154E37 /* Info.plist */,
			);
			path = LeboncoinUITests;
			sourceTree = "<group>";
		};
		FF8058C2269F89B100154E37 /* Application */ = {
			isa = PBXGroup;
			children = (
				FF80588F269F89A200154E37 /* AppDelegate.swift */,
				FF8058D0269F8D0100154E37 /* AppEnvironments.swift */,
				FF8058E4269F918F00154E37 /* AppAppearances.swift */,
			);
			path = Application;
			sourceTree = "<group>";
		};
		FF8058CC269F8AA900154E37 /* Resources */ = {
			isa = PBXGroup;
			children = (
				FF8058D6269F8D7E00154E37 /* Config */,
				FF80589D269F89A400154E37 /* Info.plist */,
				FF80589A269F89A400154E37 /* LaunchScreen.storyboard */,
				FF805898269F89A400154E37 /* Assets.xcassets */,
				FF193AA626A0E29E00951E4E /* Localizable.strings */,
			);
			path = Resources;
			sourceTree = "<group>";
		};
		FF8058D6269F8D7E00154E37 /* Config */ = {
			isa = PBXGroup;
			children = (
				FF8058D5269F8D7700154E37 /* Debug.xcconfig */,
				FF8058D7269F8D9D00154E37 /* Release.xcconfig */,
			);
			path = Config;
			sourceTree = "<group>";
		};
		FF8058EC269F922500154E37 /* Presentation */ = {
			isa = PBXGroup;
			children = (
				FF8D206F26A70AED00583D97 /* Categories */,
				FF378AF126A5791A00FF6B5A /* ClassifiedAdDetails */,
				FF8058EF269F955000154E37 /* ClassifiedAds */,
			);
			path = Presentation;
			sourceTree = "<group>";
		};
		FF8058ED269F924100154E37 /* Domain */ = {
			isa = PBXGroup;
			children = (
				FF378AA026A36DE800FF6B5A /* UseCases */,
				FF378A8A26A2E3E400FF6B5A /* Protocols */,
				FF378A6126A23C4600FF6B5A /* Models */,
			);
			path = Domain;
			sourceTree = "<group>";
		};
		FF8058EE269F924E00154E37 /* Data */ = {
			isa = PBXGroup;
			children = (
				FF378A6F26A23CC400FF6B5A /* Repositories */,
				FF193AB126A0EBD200951E4E /* Mapping */,
				FF193A9326A0D08600951E4E /* Network */,
			);
			path = Data;
			sourceTree = "<group>";
		};
		FF8058EF269F955000154E37 /* ClassifiedAds */ = {
			isa = PBXGroup;
			children = (
				FF8058F0269F957F00154E37 /* View */,
				FF8058F1269F959000154E37 /* ViewModel */,
				FF8058F7269F9EC300154E37 /* Coordinator */,
			);
			path = ClassifiedAds;
			sourceTree = "<group>";
		};
		FF8058F0269F957F00154E37 /* View */ = {
			isa = PBXGroup;
			children = (
				FF8058F2269F9A8400154E37 /* ClassifiedAdsViewController.swift */,
				FF378AAF26A3879D00FF6B5A /* ClassifiedAdsView.swift */,
				FF378AB426A38A2100FF6B5A /* ClassifiedAdTableViewCell.swift */,
			);
			path = View;
			sourceTree = "<group>";
		};
		FF8058F1269F959000154E37 /* ViewModel */ = {
			isa = PBXGroup;
			children = (
				FF8058F8269FA10F00154E37 /* ClassifiedAdsViewModel.swift */,
				FF378AD926A4B17000FF6B5A /* ClassifiedAdViewModel.swift */,
				FF8D208A26A73BE700583D97 /* ClassifiedAdsSearchQuery.swift */,
			);
			path = ViewModel;
			sourceTree = "<group>";
		};
		FF8058F7269F9EC300154E37 /* Coordinator */ = {
			isa = PBXGroup;
			children = (
				FF805900269FA14300154E37 /* ClassifiedAdsCoordinator.swift */,
			);
			path = Coordinator;
			sourceTree = "<group>";
		};
		FF8D206F26A70AED00583D97 /* Categories */ = {
			isa = PBXGroup;
			children = (
				FF8D207026A70AFC00583D97 /* View */,
				FF8D207126A70B0400583D97 /* ViewModel */,
				FF8D207226A70B1100583D97 /* Coordinator */,
			);
			path = Categories;
			sourceTree = "<group>";
		};
		FF8D207026A70AFC00583D97 /* View */ = {
			isa = PBXGroup;
			children = (
				FF8D208026A70F7D00583D97 /* CategoriesViewController.swift */,
				FF8D208526A70FC200583D97 /* CategoriesView.swift */,
			);
			path = View;
			sourceTree = "<group>";
		};
		FF8D207126A70B0400583D97 /* ViewModel */ = {
			isa = PBXGroup;
			children = (
				FF8D207B26A70C0900583D97 /* CategoriesViewModel.swift */,
			);
			path = ViewModel;
			sourceTree = "<group>";
		};
		FF8D207226A70B1100583D97 /* Coordinator */ = {
			isa = PBXGroup;
			children = (
				FF8D207326A70BED00583D97 /* CategoriesCoordinator.swift */,
			);
			path = Coordinator;
			sourceTree = "<group>";
		};
		FF8D20BD26A7A55000583D97 /* Mock */ = {
			isa = PBXGroup;
			children = (
				FF8D20B426A7A53900583D97 /* NetworkProviderMock.swift */,
			);
			path = Mock;
			sourceTree = "<group>";
		};
/* End PBXGroup section */

/* Begin PBXNativeTarget section */
		FF80588B269F89A200154E37 /* Leboncoin */ = {
			isa = PBXNativeTarget;
			buildConfigurationList = FF8058B6269F89A500154E37 /* Build configuration list for PBXNativeTarget "Leboncoin" */;
			buildPhases = (
				FF805888269F89A200154E37 /* Sources */,
				FF805889269F89A200154E37 /* Frameworks */,
				FF80588A269F89A200154E37 /* Resources */,
			);
			buildRules = (
			);
			dependencies = (
			);
			name = Leboncoin;
			productName = Leboncoin;
			productReference = FF80588C269F89A200154E37 /* Leboncoin.app */;
			productType = "com.apple.product-type.application";
		};
		FF8058A1269F89A500154E37 /* LeboncoinTests */ = {
			isa = PBXNativeTarget;
			buildConfigurationList = FF8058B9269F89A500154E37 /* Build configuration list for PBXNativeTarget "LeboncoinTests" */;
			buildPhases = (
				FF80589E269F89A500154E37 /* Sources */,
				FF80589F269F89A500154E37 /* Frameworks */,
				FF8058A0269F89A500154E37 /* Resources */,
			);
			buildRules = (
			);
			dependencies = (
				FF8058A4269F89A500154E37 /* PBXTargetDependency */,
			);
			name = LeboncoinTests;
			productName = LeboncoinTests;
			productReference = FF8058A2269F89A500154E37 /* LeboncoinTests.xctest */;
			productType = "com.apple.product-type.bundle.unit-test";
		};
		FF8058AC269F89A500154E37 /* LeboncoinUITests */ = {
			isa = PBXNativeTarget;
			buildConfigurationList = FF8058BC269F89A500154E37 /* Build configuration list for PBXNativeTarget "LeboncoinUITests" */;
			buildPhases = (
				FF8058A9269F89A500154E37 /* Sources */,
				FF8058AA269F89A500154E37 /* Frameworks */,
				FF8058AB269F89A500154E37 /* Resources */,
			);
			buildRules = (
			);
			dependencies = (
				FF8058AF269F89A500154E37 /* PBXTargetDependency */,
			);
			name = LeboncoinUITests;
			productName = LeboncoinUITests;
			productReference = FF8058AD269F89A500154E37 /* LeboncoinUITests.xctest */;
			productType = "com.apple.product-type.bundle.ui-testing";
		};
/* End PBXNativeTarget section */

/* Begin PBXProject section */
		FF805884269F89A200154E37 /* Project object */ = {
			isa = PBXProject;
			attributes = {
				LastSwiftUpdateCheck = 1230;
				LastUpgradeCheck = 1230;
				TargetAttributes = {
					FF80588B269F89A200154E37 = {
						CreatedOnToolsVersion = 12.3;
					};
					FF8058A1269F89A500154E37 = {
						CreatedOnToolsVersion = 12.3;
						TestTargetID = FF80588B269F89A200154E37;
					};
					FF8058AC269F89A500154E37 = {
						CreatedOnToolsVersion = 12.3;
						TestTargetID = FF80588B269F89A200154E37;
					};
				};
			};
			buildConfigurationList = FF805887269F89A200154E37 /* Build configuration list for PBXProject "Leboncoin" */;
			compatibilityVersion = "Xcode 9.3";
			developmentRegion = en;
			hasScannedForEncodings = 0;
			knownRegions = (
				en,
				Base,
			);
			mainGroup = FF805883269F89A200154E37;
			productRefGroup = FF80588D269F89A200154E37 /* Products */;
			projectDirPath = "";
			projectRoot = "";
			targets = (
				FF80588B269F89A200154E37 /* Leboncoin */,
				FF8058A1269F89A500154E37 /* LeboncoinTests */,
				FF8058AC269F89A500154E37 /* LeboncoinUITests */,
			);
		};
/* End PBXProject section */

/* Begin PBXResourcesBuildPhase section */
		FF80588A269F89A200154E37 /* Resources */ = {
			isa = PBXResourcesBuildPhase;
			buildActionMask = 2147483647;
			files = (
				FF80589C269F89A400154E37 /* LaunchScreen.storyboard in Resources */,
				FF193AA726A0E29E00951E4E /* Localizable.strings in Resources */,
				FF805899269F89A400154E37 /* Assets.xcassets in Resources */,
			);
			runOnlyForDeploymentPostprocessing = 0;
		};
		FF8058A0269F89A500154E37 /* Resources */ = {
			isa = PBXResourcesBuildPhase;
			buildActionMask = 2147483647;
			files = (
			);
			runOnlyForDeploymentPostprocessing = 0;
		};
		FF8058AB269F89A500154E37 /* Resources */ = {
			isa = PBXResourcesBuildPhase;
			buildActionMask = 2147483647;
			files = (
			);
			runOnlyForDeploymentPostprocessing = 0;
		};
/* End PBXResourcesBuildPhase section */

/* Begin PBXSourcesBuildPhase section */
		FF805888269F89A200154E37 /* Sources */ = {
			isa = PBXSourcesBuildPhase;
			buildActionMask = 2147483647;
			files = (
				FF378ADA26A4B17000FF6B5A /* ClassifiedAdViewModel.swift in Sources */,
				FF8D208B26A73BE700583D97 /* ClassifiedAdsSearchQuery.swift in Sources */,
				FF8D207426A70BED00583D97 /* CategoriesCoordinator.swift in Sources */,
				FF193AA226A0E13200951E4E /* Cancellable.swift in Sources */,
				FF378A6326A23C6A00FF6B5A /* ClassifiedAd.swift in Sources */,
				FF8D209026A74D3F00583D97 /* LoadingView.swift in Sources */,
				FFC96EA826A5AECB00850078 /* ClassifiedAdDetailsView.swift in Sources */,
				FF378A7926A2403800FF6B5A /* ClassifiedAdsRepository.swift in Sources */,
				FFC96EB226A5B00100850078 /* ClassifiedAdDetailsCoordinator.swift in Sources */,
				FF193A9526A0E0BD00951E4E /* Endpoint.swift in Sources */,
				FF8D208626A70FC200583D97 /* CategoriesView.swift in Sources */,
				FF378A9926A2E9FD00FF6B5A /* PImagesRepository.swift in Sources */,
				FF378AA226A36F2000FF6B5A /* RetrieveClassifiedAdsUseCases.swift in Sources */,
				FF378AED26A4DA0100FF6B5A /* Category.swift in Sources */,
				FF378A8C26A2E78C00FF6B5A /* PClassifiedAdsRepository.swift in Sources */,
				FFC96EAD26A5AFE400850078 /* ClassifiedAdDetailsViewModel.swift in Sources */,
				FF8058D1269F8D0100154E37 /* AppEnvironments.swift in Sources */,
				FF378A8126A249AB00FF6B5A /* CategoriesRepository.swift in Sources */,
				FF8058F9269FA10F00154E37 /* ClassifiedAdsViewModel.swift in Sources */,
				FF193AB926A0ECD800951E4E /* Error.swift in Sources */,
				FFC96EA326A5ADF400850078 /* ClassifiedAdDetailsViewController.swift in Sources */,
				FF378ABB26A38BD400FF6B5A /* ReusableView.swift in Sources */,
				FF805890269F89A200154E37 /* AppDelegate.swift in Sources */,
				FF805901269FA14300154E37 /* ClassifiedAdsCoordinator.swift in Sources */,
				FF378A8626A2E22D00FF6B5A /* ImagesRepository.swift in Sources */,
				FF193ABE26A0ED4000951E4E /* ClassifiedAdMapping.swift in Sources */,
				FF378A9426A2E7C300FF6B5A /* PCategoriesRepository.swift in Sources */,
				FF8058E5269F918F00154E37 /* AppAppearances.swift in Sources */,
				FF378AB526A38A2100FF6B5A /* ClassifiedAdTableViewCell.swift in Sources */,
				FF8058F3269F9A8400154E37 /* ClassifiedAdsViewController.swift in Sources */,
				FF378ACA26A39D2900FF6B5A /* NetworkStatus.swift in Sources */,
				FF378A5726A2363B00FF6B5A /* ImagesURLMapping.swift in Sources */,
				FF193A9D26A0E0EC00951E4E /* EndpointCases.swift in Sources */,
				FF378AB026A3879D00FF6B5A /* ClassifiedAdsView.swift in Sources */,
				FF378AC026A38C5700FF6B5A /* UITableView.swift in Sources */,
				FF378AC526A395D200FF6B5A /* ImageView.swift in Sources */,
				FF193AAC26A0E51000951E4E /* NetworkProvider.swift in Sources */,
				FF378AD226A3A5C800FF6B5A /* Helper.swift in Sources */,
				FF193AB326A0EC7300951E4E /* CategoryMapping.swift in Sources */,
				FF8D207C26A70C0900583D97 /* CategoriesViewModel.swift in Sources */,
				FF378AE226A4D1A500FF6B5A /* AlertController.swift in Sources */,
				FF8D208126A70F7D00583D97 /* CategoriesViewController.swift in Sources */,
			);
			runOnlyForDeploymentPostprocessing = 0;
		};
		FF80589E269F89A500154E37 /* Sources */ = {
			isa = PBXSourcesBuildPhase;
			buildActionMask = 2147483647;
			files = (
				FF8D20F826A7B20D00583D97 /* ClassifiedAdViewModel.swift in Sources */,
				FF8D211226A7B86400583D97 /* CategoriesRepositoryTests.swift in Sources */,
				FF8D20C926A7A63C00583D97 /* Error.swift in Sources */,
				FF8D20E826A7B1DB00583D97 /* ClassifiedAd.swift in Sources */,
				FF8D20CD26A7A65000583D97 /* NetworkStatus.swift in Sources */,
				FF8D20C526A7A62600583D97 /* Cancellable.swift in Sources */,
				FF8D20E026A7B0C200583D97 /* CategoriesRepository.swift in Sources */,
				FF8D20E426A7B1D400583D97 /* PClassifiedAdsRepository.swift in Sources */,
				FF8D209626A799E300583D97 /* Endpoint.swift in Sources */,
				FF8D20F026A7B1EF00583D97 /* Helper.swift in Sources */,
				FF8D20A026A79E9800583D97 /* AppEnvironments.swift in Sources */,
				FF8D210026A7B22B00583D97 /* CategoryMapping.swift in Sources */,
				FF8D20D226A7AF6600583D97 /* ClassifiedAdsRepositoryTests.swift in Sources */,
				FF8058A7269F89A500154E37 /* LeboncoinTests.swift in Sources */,
				FF8D20D926A7B0BB00583D97 /* ClassifiedAdsRepository.swift in Sources */,
				FF8D20EC26A7B1E300583D97 /* ClassifiedAdMapping.swift in Sources */,
				FF8D20FC26A7B21C00583D97 /* ImagesURLMapping.swift in Sources */,
				FF8D20B526A7A53900583D97 /* NetworkProviderMock.swift in Sources */,
				FF8D20C126A7A62000583D97 /* EndpointCases.swift in Sources */,
				FF8D20B926A7A54400583D97 /* NetworkProvider.swift in Sources */,
				FF8D20F426A7B20500583D97 /* PCategoriesRepository.swift in Sources */,
				FF8D210426A7B23700583D97 /* Category.swift in Sources */,
			);
			runOnlyForDeploymentPostprocessing = 0;
		};
		FF8058A9269F89A500154E37 /* Sources */ = {
			isa = PBXSourcesBuildPhase;
			buildActionMask = 2147483647;
			files = (
				FF8058B2269F89A500154E37 /* LeboncoinUITests.swift in Sources */,
			);
			runOnlyForDeploymentPostprocessing = 0;
		};
/* End PBXSourcesBuildPhase section */

/* Begin PBXTargetDependency section */
		FF8058A4269F89A500154E37 /* PBXTargetDependency */ = {
			isa = PBXTargetDependency;
			target = FF80588B269F89A200154E37 /* Leboncoin */;
			targetProxy = FF8058A3269F89A500154E37 /* PBXContainerItemProxy */;
		};
		FF8058AF269F89A500154E37 /* PBXTargetDependency */ = {
			isa = PBXTargetDependency;
			target = FF80588B269F89A200154E37 /* Leboncoin */;
			targetProxy = FF8058AE269F89A500154E37 /* PBXContainerItemProxy */;
		};
/* End PBXTargetDependency section */

/* Begin PBXVariantGroup section */
		FF80589A269F89A400154E37 /* LaunchScreen.storyboard */ = {
			isa = PBXVariantGroup;
			children = (
				FF80589B269F89A400154E37 /* Base */,
			);
			name = LaunchScreen.storyboard;
			sourceTree = "<group>";
		};
/* End PBXVariantGroup section */

/* Begin XCBuildConfiguration section */
		FF8058B4269F89A500154E37 /* Debug */ = {
			isa = XCBuildConfiguration;
			baseConfigurationReference = FF8058D5269F8D7700154E37 /* Debug.xcconfig */;
			buildSettings = {
				ALWAYS_SEARCH_USER_PATHS = NO;
				CLANG_ANALYZER_NONNULL = YES;
				CLANG_ANALYZER_NUMBER_OBJECT_CONVERSION = YES_AGGRESSIVE;
				CLANG_CXX_LANGUAGE_STANDARD = "gnu++14";
				CLANG_CXX_LIBRARY = "libc++";
				CLANG_ENABLE_MODULES = YES;
				CLANG_ENABLE_OBJC_ARC = YES;
				CLANG_ENABLE_OBJC_WEAK = YES;
				CLANG_WARN_BLOCK_CAPTURE_AUTORELEASING = YES;
				CLANG_WARN_BOOL_CONVERSION = YES;
				CLANG_WARN_COMMA = YES;
				CLANG_WARN_CONSTANT_CONVERSION = YES;
				CLANG_WARN_DEPRECATED_OBJC_IMPLEMENTATIONS = YES;
				CLANG_WARN_DIRECT_OBJC_ISA_USAGE = YES_ERROR;
				CLANG_WARN_DOCUMENTATION_COMMENTS = YES;
				CLANG_WARN_EMPTY_BODY = YES;
				CLANG_WARN_ENUM_CONVERSION = YES;
				CLANG_WARN_INFINITE_RECURSION = YES;
				CLANG_WARN_INT_CONVERSION = YES;
				CLANG_WARN_NON_LITERAL_NULL_CONVERSION = YES;
				CLANG_WARN_OBJC_IMPLICIT_RETAIN_SELF = YES;
				CLANG_WARN_OBJC_LITERAL_CONVERSION = YES;
				CLANG_WARN_OBJC_ROOT_CLASS = YES_ERROR;
				CLANG_WARN_QUOTED_INCLUDE_IN_FRAMEWORK_HEADER = YES;
				CLANG_WARN_RANGE_LOOP_ANALYSIS = YES;
				CLANG_WARN_STRICT_PROTOTYPES = YES;
				CLANG_WARN_SUSPICIOUS_MOVE = YES;
				CLANG_WARN_UNGUARDED_AVAILABILITY = YES_AGGRESSIVE;
				CLANG_WARN_UNREACHABLE_CODE = YES;
				CLANG_WARN__DUPLICATE_METHOD_MATCH = YES;
				COPY_PHASE_STRIP = NO;
				DEBUG_INFORMATION_FORMAT = dwarf;
				ENABLE_STRICT_OBJC_MSGSEND = YES;
				ENABLE_TESTABILITY = YES;
				GCC_C_LANGUAGE_STANDARD = gnu11;
				GCC_DYNAMIC_NO_PIC = NO;
				GCC_NO_COMMON_BLOCKS = YES;
				GCC_OPTIMIZATION_LEVEL = 0;
				GCC_PREPROCESSOR_DEFINITIONS = (
					"DEBUG=1",
					"$(inherited)",
				);
				GCC_WARN_64_TO_32_BIT_CONVERSION = YES;
				GCC_WARN_ABOUT_RETURN_TYPE = YES_ERROR;
				GCC_WARN_UNDECLARED_SELECTOR = YES;
				GCC_WARN_UNINITIALIZED_AUTOS = YES_AGGRESSIVE;
				GCC_WARN_UNUSED_FUNCTION = YES;
				GCC_WARN_UNUSED_VARIABLE = YES;
				IPHONEOS_DEPLOYMENT_TARGET = 14.3;
				MTL_ENABLE_DEBUG_INFO = INCLUDE_SOURCE;
				MTL_FAST_MATH = YES;
				ONLY_ACTIVE_ARCH = YES;
				SDKROOT = iphoneos;
				SWIFT_ACTIVE_COMPILATION_CONDITIONS = DEBUG;
				SWIFT_OPTIMIZATION_LEVEL = "-Onone";
			};
			name = Debug;
		};
		FF8058B5269F89A500154E37 /* Release */ = {
			isa = XCBuildConfiguration;
			baseConfigurationReference = FF8058D7269F8D9D00154E37 /* Release.xcconfig */;
			buildSettings = {
				ALWAYS_SEARCH_USER_PATHS = NO;
				CLANG_ANALYZER_NONNULL = YES;
				CLANG_ANALYZER_NUMBER_OBJECT_CONVERSION = YES_AGGRESSIVE;
				CLANG_CXX_LANGUAGE_STANDARD = "gnu++14";
				CLANG_CXX_LIBRARY = "libc++";
				CLANG_ENABLE_MODULES = YES;
				CLANG_ENABLE_OBJC_ARC = YES;
				CLANG_ENABLE_OBJC_WEAK = YES;
				CLANG_WARN_BLOCK_CAPTURE_AUTORELEASING = YES;
				CLANG_WARN_BOOL_CONVERSION = YES;
				CLANG_WARN_COMMA = YES;
				CLANG_WARN_CONSTANT_CONVERSION = YES;
				CLANG_WARN_DEPRECATED_OBJC_IMPLEMENTATIONS = YES;
				CLANG_WARN_DIRECT_OBJC_ISA_USAGE = YES_ERROR;
				CLANG_WARN_DOCUMENTATION_COMMENTS = YES;
				CLANG_WARN_EMPTY_BODY = YES;
				CLANG_WARN_ENUM_CONVERSION = YES;
				CLANG_WARN_INFINITE_RECURSION = YES;
				CLANG_WARN_INT_CONVERSION = YES;
				CLANG_WARN_NON_LITERAL_NULL_CONVERSION = YES;
				CLANG_WARN_OBJC_IMPLICIT_RETAIN_SELF = YES;
				CLANG_WARN_OBJC_LITERAL_CONVERSION = YES;
				CLANG_WARN_OBJC_ROOT_CLASS = YES_ERROR;
				CLANG_WARN_QUOTED_INCLUDE_IN_FRAMEWORK_HEADER = YES;
				CLANG_WARN_RANGE_LOOP_ANALYSIS = YES;
				CLANG_WARN_STRICT_PROTOTYPES = YES;
				CLANG_WARN_SUSPICIOUS_MOVE = YES;
				CLANG_WARN_UNGUARDED_AVAILABILITY = YES_AGGRESSIVE;
				CLANG_WARN_UNREACHABLE_CODE = YES;
				CLANG_WARN__DUPLICATE_METHOD_MATCH = YES;
				COPY_PHASE_STRIP = NO;
				DEBUG_INFORMATION_FORMAT = "dwarf-with-dsym";
				ENABLE_NS_ASSERTIONS = NO;
				ENABLE_STRICT_OBJC_MSGSEND = YES;
				GCC_C_LANGUAGE_STANDARD = gnu11;
				GCC_NO_COMMON_BLOCKS = YES;
				GCC_WARN_64_TO_32_BIT_CONVERSION = YES;
				GCC_WARN_ABOUT_RETURN_TYPE = YES_ERROR;
				GCC_WARN_UNDECLARED_SELECTOR = YES;
				GCC_WARN_UNINITIALIZED_AUTOS = YES_AGGRESSIVE;
				GCC_WARN_UNUSED_FUNCTION = YES;
				GCC_WARN_UNUSED_VARIABLE = YES;
				IPHONEOS_DEPLOYMENT_TARGET = 14.3;
				MTL_ENABLE_DEBUG_INFO = NO;
				MTL_FAST_MATH = YES;
				SDKROOT = iphoneos;
				SWIFT_COMPILATION_MODE = wholemodule;
				SWIFT_OPTIMIZATION_LEVEL = "-O";
				VALIDATE_PRODUCT = YES;
			};
			name = Release;
		};
		FF8058B7269F89A500154E37 /* Debug */ = {
			isa = XCBuildConfiguration;
			buildSettings = {
				ASSETCATALOG_COMPILER_APPICON_NAME = AppIcon;
				ASSETCATALOG_COMPILER_GLOBAL_ACCENT_COLOR_NAME = AccentColor;
				CODE_SIGN_STYLE = Automatic;
				INFOPLIST_FILE = Leboncoin/Resources/Info.plist;
				IPHONEOS_DEPLOYMENT_TARGET = 12.0;
				LD_RUNPATH_SEARCH_PATHS = (
					"$(inherited)",
					"@executable_path/Frameworks",
				);
				PRODUCT_BUNDLE_IDENTIFIER = com.nbellouni.Leboncoin;
				PRODUCT_NAME = "$(TARGET_NAME)";
				SWIFT_VERSION = 5.0;
				TARGETED_DEVICE_FAMILY = "1,2";
			};
			name = Debug;
		};
		FF8058B8269F89A500154E37 /* Release */ = {
			isa = XCBuildConfiguration;
			buildSettings = {
				ASSETCATALOG_COMPILER_APPICON_NAME = AppIcon;
				ASSETCATALOG_COMPILER_GLOBAL_ACCENT_COLOR_NAME = AccentColor;
				CODE_SIGN_STYLE = Automatic;
				INFOPLIST_FILE = Leboncoin/Resources/Info.plist;
				IPHONEOS_DEPLOYMENT_TARGET = 12.0;
				LD_RUNPATH_SEARCH_PATHS = (
					"$(inherited)",
					"@executable_path/Frameworks",
				);
				PRODUCT_BUNDLE_IDENTIFIER = com.nbellouni.Leboncoin;
				PRODUCT_NAME = "$(TARGET_NAME)";
				SWIFT_VERSION = 5.0;
				TARGETED_DEVICE_FAMILY = "1,2";
			};
			name = Release;
		};
		FF8058BA269F89A500154E37 /* Debug */ = {
			isa = XCBuildConfiguration;
			buildSettings = {
				ALWAYS_EMBED_SWIFT_STANDARD_LIBRARIES = YES;
				CODE_SIGN_STYLE = Automatic;
				INFOPLIST_FILE = LeboncoinTests/Info.plist;
				IPHONEOS_DEPLOYMENT_TARGET = 14.3;
				LD_RUNPATH_SEARCH_PATHS = (
					"$(inherited)",
					"@executable_path/Frameworks",
					"@loader_path/Frameworks",
				);
				PRODUCT_BUNDLE_IDENTIFIER = com.nbellouni.LeboncoinTests;
				PRODUCT_NAME = "$(TARGET_NAME)";
				SWIFT_VERSION = 5.0;
				TARGETED_DEVICE_FAMILY = "1,2";
				TEST_HOST = "$(BUILT_PRODUCTS_DIR)/Leboncoin.app/Leboncoin";
			};
			name = Debug;
		};
		FF8058BB269F89A500154E37 /* Release */ = {
			isa = XCBuildConfiguration;
			buildSettings = {
				ALWAYS_EMBED_SWIFT_STANDARD_LIBRARIES = YES;
				CODE_SIGN_STYLE = Automatic;
				INFOPLIST_FILE = LeboncoinTests/Info.plist;
				IPHONEOS_DEPLOYMENT_TARGET = 14.3;
				LD_RUNPATH_SEARCH_PATHS = (
					"$(inherited)",
					"@executable_path/Frameworks",
					"@loader_path/Frameworks",
				);
				PRODUCT_BUNDLE_IDENTIFIER = com.nbellouni.LeboncoinTests;
				PRODUCT_NAME = "$(TARGET_NAME)";
				SWIFT_VERSION = 5.0;
				TARGETED_DEVICE_FAMILY = "1,2";
				TEST_HOST = "$(BUILT_PRODUCTS_DIR)/Leboncoin.app/Leboncoin";
			};
			name = Release;
		};
		FF8058BD269F89A500154E37 /* Debug */ = {
			isa = XCBuildConfiguration;
			buildSettings = {
				ALWAYS_EMBED_SWIFT_STANDARD_LIBRARIES = YES;
				CODE_SIGN_STYLE = Automatic;
				INFOPLIST_FILE = LeboncoinUITests/Info.plist;
				LD_RUNPATH_SEARCH_PATHS = (
					"$(inherited)",
					"@executable_path/Frameworks",
					"@loader_path/Frameworks",
				);
				PRODUCT_BUNDLE_IDENTIFIER = com.nbellouni.LeboncoinUITests;
				PRODUCT_NAME = "$(TARGET_NAME)";
				SWIFT_VERSION = 5.0;
				TARGETED_DEVICE_FAMILY = "1,2";
				TEST_TARGET_NAME = Leboncoin;
			};
			name = Debug;
		};
		FF8058BE269F89A500154E37 /* Release */ = {
			isa = XCBuildConfiguration;
			buildSettings = {
				ALWAYS_EMBED_SWIFT_STANDARD_LIBRARIES = YES;
				CODE_SIGN_STYLE = Automatic;
				INFOPLIST_FILE = LeboncoinUITests/Info.plist;
				LD_RUNPATH_SEARCH_PATHS = (
					"$(inherited)",
					"@executable_path/Frameworks",
					"@loader_path/Frameworks",
				);
				PRODUCT_BUNDLE_IDENTIFIER = com.nbellouni.LeboncoinUITests;
				PRODUCT_NAME = "$(TARGET_NAME)";
				SWIFT_VERSION = 5.0;
				TARGETED_DEVICE_FAMILY = "1,2";
				TEST_TARGET_NAME = Leboncoin;
			};
			name = Release;
		};
/* End XCBuildConfiguration section */

/* Begin XCConfigurationList section */
		FF805887269F89A200154E37 /* Build configuration list for PBXProject "Leboncoin" */ = {
			isa = XCConfigurationList;
			buildConfigurations = (
				FF8058B4269F89A500154E37 /* Debug */,
				FF8058B5269F89A500154E37 /* Release */,
			);
			defaultConfigurationIsVisible = 0;
			defaultConfigurationName = Release;
		};
		FF8058B6269F89A500154E37 /* Build configuration list for PBXNativeTarget "Leboncoin" */ = {
			isa = XCConfigurationList;
			buildConfigurations = (
				FF8058B7269F89A500154E37 /* Debug */,
				FF8058B8269F89A500154E37 /* Release */,
			);
			defaultConfigurationIsVisible = 0;
			defaultConfigurationName = Release;
		};
		FF8058B9269F89A500154E37 /* Build configuration list for PBXNativeTarget "LeboncoinTests" */ = {
			isa = XCConfigurationList;
			buildConfigurations = (
				FF8058BA269F89A500154E37 /* Debug */,
				FF8058BB269F89A500154E37 /* Release */,
			);
			defaultConfigurationIsVisible = 0;
			defaultConfigurationName = Release;
		};
		FF8058BC269F89A500154E37 /* Build configuration list for PBXNativeTarget "LeboncoinUITests" */ = {
			isa = XCConfigurationList;
			buildConfigurations = (
				FF8058BD269F89A500154E37 /* Debug */,
				FF8058BE269F89A500154E37 /* Release */,
			);
			defaultConfigurationIsVisible = 0;
			defaultConfigurationName = Release;
		};
/* End XCConfigurationList section */
	};
	rootObject = FF805884269F89A200154E37 /* Project object */;
}
